<Solution>
  <Folder Name="/Solution Items/">
    <File Path="INSTALL.md" />
  </Folder>
  <Project Path="MFAAdmin/MFAAdmin.csproj" />
  <Project Path="MFAService/MFAService.csproj" />
  <Project Path="MFAWeb/MFAWeb.csproj" />
  <Project Path="tests/MFAService.ReplayTests/MFAService.ReplayTests.csproj" />
</Solution>
