{
  "version": 1,
  "dependencies": {
    "net10.0": {
      "BCrypt.Net-Next": {
        "type": "Direct",
        "requested": "[4.1.0, )",
        "resolved": "4.1.0",
        "contentHash": "5YT3DKllmtkyW68PjURu/V1TOe4MKiByKwsRNVcfYE1S5KuFTeozdmKzyNzolKiQF391OXCaQtINvYT3j1ERzQ=="
      },
      "Fido2": {
        "type": "Direct",
        "requested": "[3.0.1, )",
        "resolved": "3.0.1",
        "contentHash": "S0Bz1vfcKlO4Jase3AWp5XnQ746psf4oGx5kL+D2A10j1SsjoAOAIIpanSwfi0cEepDHgk1bClcOKY5TjOzGdA==",
        "dependencies": {
          "Fido2.Models": "3.0.1",
          "NSec.Cryptography": "22.4.0",
          "System.IdentityModel.Tokens.Jwt": "6.17.0"
        }
      },
      "Microsoft.Extensions.Hosting.Systemd": {
        "type": "Direct",
        "requested": "[10.0.5, )",
        "resolved": "10.0.5",
        "contentHash": "8ta1OeW0mUJvQueqYaAtEhlp3mfUNK9Lin9DN7KaQXhDxbekeSvdJxwA/PXdawoA5Lz+sFUMIKYsaNRECa/uHw=="
      },
      "Microsoft.Extensions.Hosting.WindowsServices": {
        "type": "Direct",
        "requested": "[10.0.5, )",
        "resolved": "10.0.5",
        "contentHash": "MGzm+eVrf1dviAygMKF72RlqQxawM4Y6ZzXlgj0stCr/6/FHqJ2QMfJzHe7IAYVhJdFQAzPI9UyqlXprxGGFLQ==",
        "dependencies": {
          "System.ServiceProcess.ServiceController": "10.0.5"
        }
      },
      "Microsoft.IdentityModel.JsonWebTokens": {
        "type": "Direct",
        "requested": "[6.34.0, )",
        "resolved": "6.34.0",
        "contentHash": "CZMom/ZoWcgjxLMxmCmcEkuoA0OA4swN1CGeMBQyxF/hEZgRbWK9EnWVJ9/oMUq3D1+OGJjnbN+W6gFq9kZcEg==",
        "dependencies": {
          "Microsoft.IdentityModel.Tokens": "6.34.0"
        }
      },
      "Otp.NET": {
        "type": "Direct",
        "requested": "[1.4.1, )",
        "resolved": "1.4.1",
        "contentHash": "UXjZ80T6BfVACJWmEcz4UFZ93hwX3STKojKvVpPk3qUhubjnLwIiZMsI4Hh91HhYxC0JlatNdNrVK2wkv4O9/Q=="
      },
      "System.IdentityModel.Tokens.Jwt": {
        "type": "Direct",
        "requested": "[6.34.0, )",
        "resolved": "6.34.0",
        "contentHash": "c0misfmFT3QxKY+a16PGlj+DtiUzoPaf26m2avyPZaLRc9vlIdLtmovfRY5MqN+y/SEoBSRXrgVaeZGPgFQQ6w==",
        "dependencies": {
          "Microsoft.IdentityModel.JsonWebTokens": "6.34.0",
          "Microsoft.IdentityModel.Tokens": "6.34.0"
        }
      },
      "System.Security.Cryptography.ProtectedData": {
        "type": "Direct",
        "requested": "[10.0.5, )",
        "resolved": "10.0.5",
        "contentHash": "kxR4O/8o32eNN3m4qbLe3UifYqeyEpallCyVAsLvL5ZFJVyT3JCb+9du/WHfC09VyJh1Q+p/Gd4+AwM7Rz4acg=="
      },
      "Fido2.Models": {
        "type": "Transitive",
        "resolved": "3.0.1",
        "contentHash": "mgjcuGETuYSCUEaZG+jQeeuuEMkDLc4GDJHBvKDdOz6oSOWp5adPdWP4btZx7Pi+9fu4szN3JIjJmby67MaILw=="
      },
      "libsodium": {
        "type": "Transitive",
        "resolved": "1.0.18.2",
        "contentHash": "flArHoVdscSzyV8ZdPV+bqqY2TTFlaN+xZf/vIqsmHI51KVcD/mOdUPaK3n/k/wGKz8dppiktXUqSmf3AXFgig=="
      },
      "Microsoft.IdentityModel.Abstractions": {
        "type": "Transitive",
        "resolved": "6.34.0",
        "contentHash": "5nInt1KKSpKQBlhe6gXz4yKxRzRUQa21vCvSIIKKzAI2e1r9PHQOZc7aRzBA8L/JCvBxLbCxelvUqun6qwWPJg=="
      },
      "Microsoft.IdentityModel.Logging": {
        "type": "Transitive",
        "resolved": "6.34.0",
        "contentHash": "E0AbluNkI30/VKa96PxJhhFZDx/NGYIXFrRIRq1N5/V0TToaiuc3hM90QLFszT2BBQefnp/wjm12ilSudmt9bg==",
        "dependencies": {
          "Microsoft.IdentityModel.Abstractions": "6.34.0"
        }
      },
      "Microsoft.IdentityModel.Tokens": {
        "type": "Transitive",
        "resolved": "6.34.0",
        "contentHash": "PEPcGMqbEwEwbpQ6nTld9Nqq6V5BPZSOfk71qXZ7h7DuGuxa13bWvjImhJba5Ko88YvIuZuOBJWFZmjLfwbNXA==",
        "dependencies": {
          "Microsoft.IdentityModel.Logging": "6.34.0"
        }
      },
      "NSec.Cryptography": {
        "type": "Transitive",
        "resolved": "22.4.0",
        "contentHash": "lEntcPYd7h3aZ8xxi/y/4TML7o8w0GEGqd+w4L1omqFLbdCBmhxJAeO2YBmv/fXbJKgKCQLm7+TD4bR605PEUQ==",
        "dependencies": {
          "libsodium": "[1.0.18.2, 1.0.19)"
        }
      },
      "System.ServiceProcess.ServiceController": {
        "type": "Transitive",
        "resolved": "10.0.5",
        "contentHash": "L7pataU51CVJkdfIxpH6wY1buML9zsi9ZVWYaCOLM1AMpd4wQ0StzbOb8OGZAfwCyK/oyKEYcCZrWAi4GgP3lg=="
      }
    }
  }
}